<?xml version="1.0" encoding="utf-8"?>
<Project ToolsVersion="18.0" xmlns="http://schemas.microsoft.com/developer/msbuild/2003">
  <ItemGroup>
    <ClCompile Include="C:\Users\ryair\OneDrive - Intel Corporation\Documents\MyScripts\DarkThumbs\Engine\Core\Config.cpp">
      <Filter>Source Files</Filter>
    </ClCompile>
    <ClCompile Include="C:\Users\ryair\OneDrive - Intel Corporation\Documents\MyScripts\DarkThumbs\Engine\Core\EngineAPI.cpp">
      <Filter>Source Files</Filter>
    </ClCompile>
    <ClCompile Include="C:\Users\ryair\OneDrive - Intel Corporation\Documents\MyScripts\DarkThumbs\Engine\Pipeline\ThumbnailPipeline.cpp">
      <Filter>Source Files</Filter>
    </ClCompile>
    <ClCompile Include="C:\Users\ryair\OneDrive - Intel Corporation\Documents\MyScripts\DarkThumbs\Engine\Pipeline\DecoderRegistry.cpp">
      <Filter>Source Files</Filter>
    </ClCompile>
    <ClCompile Include="C:\Users\ryair\OneDrive - Intel Corporation\Documents\MyScripts\DarkThumbs\Engine\Pipeline\FormatDetector.cpp">
      <Filter>Source Files</Filter>
    </ClCompile>
    <ClCompile Include="C:\Users\ryair\OneDrive - Intel Corporation\Documents\MyScripts\DarkThumbs\Engine\Decoders\ImageDecoder.cpp">
      <Filter>Source Files</Filter>
    </ClCompile>
    <ClCompile Include="C:\Users\ryair\OneDrive - Intel Corporation\Documents\MyScripts\DarkThumbs\Engine\Decoders\WebPDecoder.cpp">
      <Filter>Source Files</Filter>
    </ClCompile>
    <ClCompile Include="C:\Users\ryair\OneDrive - Intel Corporation\Documents\MyScripts\DarkThumbs\Engine\Decoders\AVIFDecoder.cpp">
      <Filter>Source Files</Filter>
    </ClCompile>
    <ClCompile Include="C:\Users\ryair\OneDrive - Intel Corporation\Documents\MyScripts\DarkThumbs\Engine\Decoders\ArchiveDecoder.cpp">
      <Filter>Source Files</Filter>
    </ClCompile>
    <ClCompile Include="C:\Users\ryair\OneDrive - Intel Corporation\Documents\MyScripts\DarkThumbs\Engine\Decoders\RAWDecoder.cpp">
      <Filter>Source Files</Filter>
    </ClCompile>
    <ClCompile Include="C:\Users\ryair\OneDrive - Intel Corporation\Documents\MyScripts\DarkThumbs\Engine\Decoders\JXLDecoder.cpp">
      <Filter>Source Files</Filter>
    </ClCompile>
    <ClCompile Include="C:\Users\ryair\OneDrive - Intel Corporation\Documents\MyScripts\DarkThumbs\Engine\Decoders\HEIFDecoder.cpp">
      <Filter>Source Files</Filter>
    </ClCompile>
    <ClCompile Include="C:\Users\ryair\OneDrive - Intel Corporation\Documents\MyScripts\DarkThumbs\Engine\Decoders\ICODecoder.cpp">
      <Filter>Source Files</Filter>
    </ClCompile>
    <ClCompile Include="C:\Users\ryair\OneDrive - Intel Corporation\Documents\MyScripts\DarkThumbs\Engine\Decoders\TGADecoder.cpp">
      <Filter>Source Files</Filter>
    </ClCompile>
    <ClCompile Include="C:\Users\ryair\OneDrive - Intel Corporation\Documents\MyScripts\DarkThumbs\Engine\Decoders\QOIDecoder.cpp">
      <Filter>Source Files</Filter>
    </ClCompile>
    <ClCompile Include="C:\Users\ryair\OneDrive - Intel Corporation\Documents\MyScripts\DarkThumbs\Engine\Decoders\PSDDecoder.cpp">
      <Filter>Source Files</Filter>
    </ClCompile>
    <ClCompile Include="C:\Users\ryair\OneDrive - Intel Corporation\Documents\MyScripts\DarkThumbs\Engine\Decoders\DDSDecoder.cpp">
      <Filter>Source Files</Filter>
    </ClCompile>
    <ClCompile Include="C:\Users\ryair\OneDrive - Intel Corporation\Documents\MyScripts\DarkThumbs\Engine\Decoders\HDRDecoder.cpp">
      <Filter>Source Files</Filter>
    </ClCompile>
    <ClCompile Include="C:\Users\ryair\OneDrive - Intel Corporation\Documents\MyScripts\DarkThumbs\Engine\Decoders\PPMDecoder.cpp">
      <Filter>Source Files</Filter>
    </ClCompile>
    <ClCompile Include="C:\Users\ryair\OneDrive - Intel Corporation\Documents\MyScripts\DarkThumbs\Engine\Decoders\EXRDecoder.cpp">
      <Filter>Source Files</Filter>
    </ClCompile>
    <ClCompile Include="C:\Users\ryair\OneDrive - Intel Corporation\Documents\MyScripts\DarkThumbs\Engine\Decoders\SVGDecoder.cpp">
      <Filter>Source Files</Filter>
    </ClCompile>
    <ClCompile Include="C:\Users\ryair\OneDrive - Intel Corporation\Documents\MyScripts\DarkThumbs\Engine\Decoders\VideoDecoder.cpp">
      <Filter>Source Files</Filter>
    </ClCompile>
    <ClCompile Include="C:\Users\ryair\OneDrive - Intel Corporation\Documents\MyScripts\DarkThumbs\Engine\Decoders\AudioDecoder.cpp">
      <Filter>Source Files</Filter>
    </ClCompile>
    <ClCompile Include="C:\Users\ryair\OneDrive - Intel Corporation\Documents\MyScripts\DarkThumbs\Engine\Decoders\PDFDecoder.cpp">
      <Filter>Source Files</Filter>
    </ClCompile>
    <ClCompile Include="C:\Users\ryair\OneDrive - Intel Corporation\Documents\MyScripts\DarkThumbs\Engine\Decoders\DocumentDecoder.cpp">
      <Filter>Source Files</Filter>
    </ClCompile>
    <ClCompile Include="C:\Users\ryair\OneDrive - Intel Corporation\Documents\MyScripts\DarkThumbs\Engine\Decoders\FontDecoder.cpp">
      <Filter>Source Files</Filter>
    </ClCompile>
    <ClCompile Include="C:\Users\ryair\OneDrive - Intel Corporation\Documents\MyScripts\DarkThumbs\Engine\GPU\D3D11Renderer.cpp">
      <Filter>Source Files</Filter>
    </ClCompile>
    <ClCompile Include="C:\Users\ryair\OneDrive - Intel Corporation\Documents\MyScripts\DarkThumbs\Engine\GPU\GDIRenderer.cpp">
      <Filter>Source Files</Filter>
    </ClCompile>
    <ClCompile Include="C:\Users\ryair\OneDrive - Intel Corporation\Documents\MyScripts\DarkThumbs\Engine\Cache\ThumbnailCache.cpp">
      <Filter>Source Files</Filter>
    </ClCompile>
    <ClCompile Include="C:\Users\ryair\OneDrive - Intel Corporation\Documents\MyScripts\DarkThumbs\Engine\Plugin\PluginManager.cpp">
      <Filter>Source Files</Filter>
    </ClCompile>
    <ClCompile Include="C:\Users\ryair\OneDrive - Intel Corporation\Documents\MyScripts\DarkThumbs\Engine\Plugin\PluginDecoder.cpp">
      <Filter>Source Files</Filter>
    </ClCompile>
    <ClCompile Include="C:\Users\ryair\OneDrive - Intel Corporation\Documents\MyScripts\DarkThumbs\Engine\Plugin\PluginHostClient.cpp">
      <Filter>Source Files</Filter>
    </ClCompile>
    <ClCompile Include="C:\Users\ryair\OneDrive - Intel Corporation\Documents\MyScripts\DarkThumbs\Engine\Plugin\CrashHandler.cpp">
      <Filter>Source Files</Filter>
    </ClCompile>
    <ClCompile Include="C:\Users\ryair\OneDrive - Intel Corporation\Documents\MyScripts\DarkThumbs\Engine\Plugin\IsolationModeSelector.cpp">
      <Filter>Source Files</Filter>
    </ClCompile>
    <ClCompile Include="C:\Users\ryair\OneDrive - Intel Corporation\Documents\MyScripts\DarkThumbs\Engine\Plugin\IPC\SharedMemoryManager.cpp">
      <Filter>Source Files</Filter>
    </ClCompile>
    <ClCompile Include="C:\Users\ryair\OneDrive - Intel Corporation\Documents\MyScripts\DarkThumbs\Engine\Plugin\Security\JobObjectManager.cpp">
      <Filter>Source Files</Filter>
    </ClCompile>
    <ClCompile Include="C:\Users\ryair\OneDrive - Intel Corporation\Documents\MyScripts\DarkThumbs\Engine\Utils\PerformanceProfiler.cpp">
      <Filter>Source Files</Filter>
    </ClCompile>
    <ClCompile Include="C:\Users\ryair\OneDrive - Intel Corporation\Documents\MyScripts\DarkThumbs\Engine\Utils\SIMDScaler.cpp">
      <Filter>Source Files</Filter>
    </ClCompile>
    <ClCompile Include="C:\Users\ryair\OneDrive - Intel Corporation\Documents\MyScripts\DarkThumbs\Engine\Utils\HardwareCapabilities.cpp">
      <Filter>Source Files</Filter>
    </ClCompile>
    <ClCompile Include="C:\Users\ryair\OneDrive - Intel Corporation\Documents\MyScripts\DarkThumbs\Engine\Utils\EXIFOrientation.cpp">
      <Filter>Source Files</Filter>
    </ClCompile>
  </ItemGroup>
  <ItemGroup>
    <ClInclude Include="C:\Users\ryair\OneDrive - Intel Corporation\Documents\MyScripts\DarkThumbs\Engine\Engine.h">
      <Filter>Header Files</Filter>
    </ClInclude>
    <ClInclude Include="C:\Users\ryair\OneDrive - Intel Corporation\Documents\MyScripts\DarkThumbs\Engine\Core\Types.h">
      <Filter>Header Files</Filter>
    </ClInclude>
    <ClInclude Include="C:\Users\ryair\OneDrive - Intel Corporation\Documents\MyScripts\DarkThumbs\Engine\Core\Config.h">
      <Filter>Header Files</Filter>
    </ClInclude>
    <ClInclude Include="C:\Users\ryair\OneDrive - Intel Corporation\Documents\MyScripts\DarkThumbs\Engine\Core\EngineAPI.h">
      <Filter>Header Files</Filter>
    </ClInclude>
    <ClInclude Include="C:\Users\ryair\OneDrive - Intel Corporation\Documents\MyScripts\DarkThumbs\Engine\Core\BuildConfig.h">
      <Filter>Header Files</Filter>
    </ClInclude>
    <ClInclude Include="C:\Users\ryair\OneDrive - Intel Corporation\Documents\MyScripts\DarkThumbs\Engine\Core\DecoderHealthMonitor.h">
      <Filter>Header Files</Filter>
    </ClInclude>
    <ClInclude Include="C:\Users\ryair\OneDrive - Intel Corporation\Documents\MyScripts\DarkThumbs\Engine\Core\ErrorContext.h">
      <Filter>Header Files</Filter>
    </ClInclude>
    <ClInclude Include="C:\Users\ryair\OneDrive - Intel Corporation\Documents\MyScripts\DarkThumbs\Engine\Core\IThumbnailDecoder.h">
      <Filter>Header Files</Filter>
    </ClInclude>
    <ClInclude Include="C:\Users\ryair\OneDrive - Intel Corporation\Documents\MyScripts\DarkThumbs\Engine\Core\IFormatDetector.h">
      <Filter>Header Files</Filter>
    </ClInclude>
    <ClInclude Include="C:\Users\ryair\OneDrive - Intel Corporation\Documents\MyScripts\DarkThumbs\Engine\Core\IGPURenderer.h">
      <Filter>Header Files</Filter>
    </ClInclude>
    <ClInclude Include="C:\Users\ryair\OneDrive - Intel Corporation\Documents\MyScripts\DarkThumbs\Engine\Core\ICacheProvider.h">
      <Filter>Header Files</Filter>
    </ClInclude>
    <ClInclude Include="C:\Users\ryair\OneDrive - Intel Corporation\Documents\MyScripts\DarkThumbs\Engine\Core\Logger.h">
      <Filter>Header Files</Filter>
    </ClInclude>
    <ClInclude Include="C:\Users\ryair\OneDrive - Intel Corporation\Documents\MyScripts\DarkThumbs\Engine\Pipeline\ThumbnailPipeline.h">
      <Filter>Header Files</Filter>
    </ClInclude>
    <ClInclude Include="C:\Users\ryair\OneDrive - Intel Corporation\Documents\MyScripts\DarkThumbs\Engine\Pipeline\DecoderRegistry.h">
      <Filter>Header Files</Filter>
    </ClInclude>
    <ClInclude Include="C:\Users\ryair\OneDrive - Intel Corporation\Documents\MyScripts\DarkThumbs\Engine\Pipeline\FormatDetector.h">
      <Filter>Header Files</Filter>
    </ClInclude>
    <ClInclude Include="C:\Users\ryair\OneDrive - Intel Corporation\Documents\MyScripts\DarkThumbs\Engine\Decoders\ImageDecoder.h">
      <Filter>Header Files</Filter>
    </ClInclude>
    <ClInclude Include="C:\Users\ryair\OneDrive - Intel Corporation\Documents\MyScripts\DarkThumbs\Engine\Decoders\WebPDecoder.h">
      <Filter>Header Files</Filter>
    </ClInclude>
    <ClInclude Include="C:\Users\ryair\OneDrive - Intel Corporation\Documents\MyScripts\DarkThumbs\Engine\Decoders\AVIFDecoder.h">
      <Filter>Header Files</Filter>
    </ClInclude>
    <ClInclude Include="C:\Users\ryair\OneDrive - Intel Corporation\Documents\MyScripts\DarkThumbs\Engine\Decoders\ArchiveDecoder.h">
      <Filter>Header Files</Filter>
    </ClInclude>
    <ClInclude Include="C:\Users\ryair\OneDrive - Intel Corporation\Documents\MyScripts\DarkThumbs\Engine\Decoders\RAWDecoder.h">
      <Filter>Header Files</Filter>
    </ClInclude>
    <ClInclude Include="C:\Users\ryair\OneDrive - Intel Corporation\Documents\MyScripts\DarkThumbs\Engine\Decoders\JXLDecoder.h">
      <Filter>Header Files</Filter>
    </ClInclude>
    <ClInclude Include="C:\Users\ryair\OneDrive - Intel Corporation\Documents\MyScripts\DarkThumbs\Engine\Decoders\HEIFDecoder.h">
      <Filter>Header Files</Filter>
    </ClInclude>
    <ClInclude Include="C:\Users\ryair\OneDrive - Intel Corporation\Documents\MyScripts\DarkThumbs\Engine\Decoders\ICODecoder.h">
      <Filter>Header Files</Filter>
    </ClInclude>
    <ClInclude Include="C:\Users\ryair\OneDrive - Intel Corporation\Documents\MyScripts\DarkThumbs\Engine\Decoders\TGADecoder.h">
      <Filter>Header Files</Filter>
    </ClInclude>
    <ClInclude Include="C:\Users\ryair\OneDrive - Intel Corporation\Documents\MyScripts\DarkThumbs\Engine\Decoders\QOIDecoder.h">
      <Filter>Header Files</Filter>
    </ClInclude>
    <ClInclude Include="C:\Users\ryair\OneDrive - Intel Corporation\Documents\MyScripts\DarkThumbs\Engine\Decoders\PSDDecoder.h">
      <Filter>Header Files</Filter>
    </ClInclude>
    <ClInclude Include="C:\Users\ryair\OneDrive - Intel Corporation\Documents\MyScripts\DarkThumbs\Engine\Decoders\DDSDecoder.h">
      <Filter>Header Files</Filter>
    </ClInclude>
    <ClInclude Include="C:\Users\ryair\OneDrive - Intel Corporation\Documents\MyScripts\DarkThumbs\Engine\Decoders\HDRDecoder.h">
      <Filter>Header Files</Filter>
    </ClInclude>
    <ClInclude Include="C:\Users\ryair\OneDrive - Intel Corporation\Documents\MyScripts\DarkThumbs\Engine\Decoders\PPMDecoder.h">
      <Filter>Header Files</Filter>
    </ClInclude>
    <ClInclude Include="C:\Users\ryair\OneDrive - Intel Corporation\Documents\MyScripts\DarkThumbs\Engine\Decoders\EXRDecoder.h">
      <Filter>Header Files</Filter>
    </ClInclude>
    <ClInclude Include="C:\Users\ryair\OneDrive - Intel Corporation\Documents\MyScripts\DarkThumbs\Engine\Decoders\SVGDecoder.h">
      <Filter>Header Files</Filter>
    </ClInclude>
    <ClInclude Include="C:\Users\ryair\OneDrive - Intel Corporation\Documents\MyScripts\DarkThumbs\Engine\Decoders\VideoDecoder.h">
      <Filter>Header Files</Filter>
    </ClInclude>
    <ClInclude Include="C:\Users\ryair\OneDrive - Intel Corporation\Documents\MyScripts\DarkThumbs\Engine\Decoders\AudioDecoder.h">
      <Filter>Header Files</Filter>
    </ClInclude>
    <ClInclude Include="C:\Users\ryair\OneDrive - Intel Corporation\Documents\MyScripts\DarkThumbs\Engine\Decoders\PDFDecoder.h">
      <Filter>Header Files</Filter>
    </ClInclude>
    <ClInclude Include="C:\Users\ryair\OneDrive - Intel Corporation\Documents\MyScripts\DarkThumbs\Engine\Decoders\DocumentDecoder.h">
      <Filter>Header Files</Filter>
    </ClInclude>
    <ClInclude Include="C:\Users\ryair\OneDrive - Intel Corporation\Documents\MyScripts\DarkThumbs\Engine\Decoders\FontDecoder.h">
      <Filter>Header Files</Filter>
    </ClInclude>
    <ClInclude Include="C:\Users\ryair\OneDrive - Intel Corporation\Documents\MyScripts\DarkThumbs\Engine\GPU\D3D11Renderer.h">
      <Filter>Header Files</Filter>
    </ClInclude>
    <ClInclude Include="C:\Users\ryair\OneDrive - Intel Corporation\Documents\MyScripts\DarkThumbs\Engine\GPU\GDIRenderer.h">
      <Filter>Header Files</Filter>
    </ClInclude>
    <ClInclude Include="C:\Users\ryair\OneDrive - Intel Corporation\Documents\MyScripts\DarkThumbs\Engine\Cache\ThumbnailCache.h">
      <Filter>Header Files</Filter>
    </ClInclude>
    <ClInclude Include="C:\Users\ryair\OneDrive - Intel Corporation\Documents\MyScripts\DarkThumbs\Engine\Plugin\PluginManager.h">
      <Filter>Header Files</Filter>
    </ClInclude>
    <ClInclude Include="C:\Users\ryair\OneDrive - Intel Corporation\Documents\MyScripts\DarkThumbs\Engine\Plugin\PluginDecoder.h">
      <Filter>Header Files</Filter>
    </ClInclude>
    <ClInclude Include="C:\Users\ryair\OneDrive - Intel Corporation\Documents\MyScripts\DarkThumbs\Engine\Plugin\PluginHostClient.h">
      <Filter>Header Files</Filter>
    </ClInclude>
    <ClInclude Include="C:\Users\ryair\OneDrive - Intel Corporation\Documents\MyScripts\DarkThumbs\Engine\Plugin\CrashHandler.h">
      <Filter>Header Files</Filter>
    </ClInclude>
    <ClInclude Include="C:\Users\ryair\OneDrive - Intel Corporation\Documents\MyScripts\DarkThumbs\Engine\Plugin\IsolationModeSelector.h">
      <Filter>Header Files</Filter>
    </ClInclude>
    <ClInclude Include="C:\Users\ryair\OneDrive - Intel Corporation\Documents\MyScripts\DarkThumbs\Engine\Plugin\IPC\PluginIPCProtocol.h">
      <Filter>Header Files</Filter>
    </ClInclude>
    <ClInclude Include="C:\Users\ryair\OneDrive - Intel Corporation\Documents\MyScripts\DarkThumbs\Engine\Plugin\IPC\SharedMemoryManager.h">
      <Filter>Header Files</Filter>
    </ClInclude>
    <ClInclude Include="C:\Users\ryair\OneDrive - Intel Corporation\Documents\MyScripts\DarkThumbs\Engine\Plugin\Security\JobObjectManager.h">
      <Filter>Header Files</Filter>
    </ClInclude>
    <ClInclude Include="C:\Users\ryair\OneDrive - Intel Corporation\Documents\MyScripts\DarkThumbs\Engine\Utils\PerformanceProfiler.h">
      <Filter>Header Files</Filter>
    </ClInclude>
    <ClInclude Include="C:\Users\ryair\OneDrive - Intel Corporation\Documents\MyScripts\DarkThumbs\Engine\Utils\SIMDScaler.h">
      <Filter>Header Files</Filter>
    </ClInclude>
    <ClInclude Include="C:\Users\ryair\OneDrive - Intel Corporation\Documents\MyScripts\DarkThumbs\Engine\Utils\HardwareCapabilities.h">
      <Filter>Header Files</Filter>
    </ClInclude>
    <ClInclude Include="C:\Users\ryair\OneDrive - Intel Corporation\Documents\MyScripts\DarkThumbs\Engine\Utils\EXIFOrientation.h">
      <Filter>Header Files</Filter>
    </ClInclude>
    <ClInclude Include="C:\Users\ryair\OneDrive - Intel Corporation\Documents\MyScripts\DarkThumbs\Engine\Utils\MemoryMappedFile.h">
      <Filter>Header Files</Filter>
    </ClInclude>
    <ClInclude Include="C:\Users\ryair\OneDrive - Intel Corporation\Documents\MyScripts\DarkThumbs\Engine\Utils\SmallObjectPool.h">
      <Filter>Header Files</Filter>
    </ClInclude>
  </ItemGroup>
  <ItemGroup>
    <CustomBuild Include="C:\Users\ryair\OneDrive - Intel Corporation\Documents\MyScripts\DarkThumbs\Engine\CMakeLists.txt" />
  </ItemGroup>
  <ItemGroup>
    <Filter Include="Header Files">
      <UniqueIdentifier>{2B402B24-2176-3956-BD85-6B7CE6A9BABB}</UniqueIdentifier>
    </Filter>
    <Filter Include="Source Files">
      <UniqueIdentifier>{0DC4B97B-F9D4-34AD-99AF-B6CD3FD51F5E}</UniqueIdentifier>
    </Filter>
  </ItemGroup>
</Project>
