<?xml version="1.0" encoding="utf-8"?>
<Project ToolsVersion="18.0" xmlns="http://schemas.microsoft.com/developer/msbuild/2003">
  <ItemGroup>
    <ClCompile Include="C:\Users\ryair\OneDrive - Intel Corporation\Documents\MyScripts\DarkThumbs\Engine\Tests\EngineTests.cpp">
      <Filter>Source Files</Filter>
    </ClCompile>
    <ClCompile Include="C:\Users\ryair\OneDrive - Intel Corporation\Documents\MyScripts\DarkThumbs\Engine\Tests\test_gpu.cpp">
      <Filter>Source Files</Filter>
    </ClCompile>
  </ItemGroup>
  <ItemGroup>
    <CustomBuild Include="C:\Users\ryair\OneDrive - Intel Corporation\Documents\MyScripts\DarkThumbs\Engine\Tests\CMakeLists.txt" />
  </ItemGroup>
  <ItemGroup>
    <Filter Include="Source Files">
      <UniqueIdentifier>{0DC4B97B-F9D4-34AD-99AF-B6CD3FD51F5E}</UniqueIdentifier>
    </Filter>
  </ItemGroup>
</Project>
